
Microsoft Visual Studio Solution File, Format Version 12.00
# Visual Studio Version 17
VisualStudioVersion = 17.6.33829.357
MinimumVisualStudioVersion = 10.0.40219.1
Project("{9A19103F-16F7-4668-BE54-9A1E7A4F7556}") = "ZabbixApiDebug", "ZabbixApiDebug\ZabbixApiDebug.csproj", "{7F220E0E-ABB7-4956-9925-46244CFA0B4A}"
EndProject
Project("{9A19103F-16F7-4668-BE54-9A1E7A4F7556}") = "ZabbixIntegrationTests", "ZabbixTests\ZabbixIntegrationTests.csproj", "{933CF2CE-837D-4806-AB89-C80F82350F45}"
EndProject
Project("{9A19103F-16F7-4668-BE54-9A1E7A4F7556}") = "Zabbix", "Zabbix\Zabbix.csproj", "{F9CA7B03-C429-4820-B6E8-B8084D6980E1}"
EndProject
Global
	GlobalSection(SolutionConfigurationPlatforms) = preSolution
		Debug|Any CPU = Debug|Any CPU
		Release|Any CPU = Release|Any CPU
	EndGlobalSection
	GlobalSection(ProjectConfigurationPlatforms) = postSolution
		{7F220E0E-ABB7-4956-9925-46244CFA0B4A}.Debug|Any CPU.ActiveCfg = Debug|Any CPU
		{7F220E0E-ABB7-4956-9925-46244CFA0B4A}.Debug|Any CPU.Build.0 = Debug|Any CPU
		{7F220E0E-ABB7-4956-9925-46244CFA0B4A}.Release|Any CPU.ActiveCfg = Release|Any CPU
		{7F220E0E-ABB7-4956-9925-46244CFA0B4A}.Release|Any CPU.Build.0 = Release|Any CPU
		{933CF2CE-837D-4806-AB89-C80F82350F45}.Debug|Any CPU.ActiveCfg = Debug|Any CPU
		{933CF2CE-837D-4806-AB89-C80F82350F45}.Debug|Any CPU.Build.0 = Debug|Any CPU
		{933CF2CE-837D-4806-AB89-C80F82350F45}.Release|Any CPU.ActiveCfg = Release|Any CPU
		{933CF2CE-837D-4806-AB89-C80F82350F45}.Release|Any CPU.Build.0 = Release|Any CPU
		{F9CA7B03-C429-4820-B6E8-B8084D6980E1}.Debug|Any CPU.ActiveCfg = Release|Any CPU
		{F9CA7B03-C429-4820-B6E8-B8084D6980E1}.Debug|Any CPU.Build.0 = Release|Any CPU
		{F9CA7B03-C429-4820-B6E8-B8084D6980E1}.Release|Any CPU.ActiveCfg = Release|Any CPU
		{F9CA7B03-C429-4820-B6E8-B8084D6980E1}.Release|Any CPU.Build.0 = Release|Any CPU
	EndGlobalSection
	GlobalSection(SolutionProperties) = preSolution
		HideSolutionNode = FALSE
	EndGlobalSection
	GlobalSection(ExtensibilityGlobals) = postSolution
		SolutionGuid = {681E8487-7A7B-4DCA-A1F0-65424C7C8525}
	EndGlobalSection
EndGlobal
